github.com/GehirnInc/crypt v0.0.0-20230320061759-8cc1b52080c5 h1:IEjq88XO4PuBDcvmjQJcQGg+w+UaafSy8G5Kcb5tBhI=
github.com/GehirnInc/crypt v0.0.0-20230320061759-8cc1b52080c5/go.mod h1:exZ0C/1emQJAw5tHOaUDyY1ycttqBAPcxuzf7QbY6ec=
github.com/cpuguy83/go-md2man/v2 v2.0.6/go.mod h1:oOW0eioCTA6cOiMLiUPZOpcVxMig6NIQQ7OS05n1F4g=
github.com/expr-lang/expr v1.17.7 h1:Q0xY/e/2aCIp8g9s/LGvMDCC5PxYlvHgDZRQ4y16JX8=
github.com/expr-lang/expr v1.17.7/go.mod h1:8/vRC7+7HBzESEqt5kKpYXxrxkr31SaO8r40VO/1IT4=
github.com/flosch/pongo2/v6 v6.0.0 h1:lsGru8IAzHgIAw6H2m4PCyleO58I40ow6apih0WprMU=
github.com/flosch/pongo2/v6 v6.0.0/go.mod h1:CuDpFm47R0uGGE7z13/tTlt1Y6zdxvr2RLT5LJhsHEU=
github.com/go-chi/chi/v5 v5.2.3 h1:WQIt9uxdsAbgIYgid+BpYc+liqQZGMHRaUwp0JUcvdE=
github.com/go-chi/chi/v5 v5.2.3/go.mod h1:L2yAIGWB3H+phAw1NxKwWM+7eUH/lU8pOMm5hHcoops=
github.com/goccy/go-yaml v1.18.0 h1:8W7wMFS12Pcas7KU+VVkaiCng+kG8QiFeFwzFb+rwuw=
github.com/goccy/go-yaml v1.18.0/go.mod h1:XBurs7gK8ATbW4ZPGKgcbrY1Br56PdM69F7LkFRi1kA=
github.com/inconshreveable/mousetrap v1.1.0 h1:wN+x4NVGpMsO7ErUn/mUI3vEoE6Jt13X2s0bqwp9tc8=
github.com/inconshreveable/mousetrap v1.1.0/go.mod h1:vpF70FUmC8bwa3OWnCshd2FqLfsEA9PFc4w1p2J65bw=
github.com/jedib0t/go-pretty/v6 v6.6.8 h1:JnnzQeRz2bACBobIaa/r+nqjvws4yEhcmaZ4n1QzsEc=
github.com/jedib0t/go-pretty/v6 v6.6.8/go.mod h1:YwC5CE4fJ1HFUDeivSV1r//AmANFHyqczZk+U6BDALU=
github.com/jinzhu/inflection v1.0.0 h1:K317FqzuhWc8YvSVlFMCCUb36O/S9MCKRDI7QkRKD/E=
github.com/jinzhu/inflection v1.0.0/go.mod h1:h+uFLlag+Qp1Va5pdKtLDYj+kHp5pxUVkryuEj+Srlc=
github.com/jinzhu/now v1.1.5 h1:/o9tlHleP7gOFmsnYNz3RGnqzefHA47wQpKrrdTIwXQ=
github.com/jinzhu/now v1.1.5/go.mod h1:d3SSVoowX0Lcu0IBviAWJpolVfI5UJVZZ7cO71lE/z8=
github.com/mattn/go-runewidth v0.0.16 h1:E5ScNMtiwvlvB5paMFdw9p4kSQzbXFikJ5SQO6TULQc=
github.com/mattn/go-runewidth v0.0.16/go.mod h1:Jdepj2loyihRzMpdS35Xk/zdY8IAYHsh153qUoGf23w=
github.com/mattn/go-sqlite3 v1.14.22 h1:2gZY6PC6kBnID23Tichd1K+Z0oS6nE/XwU+Vz/5o4kU=
github.com/mattn/go-sqlite3 v1.14.22/go.mod h1:Uh1q+B4BYcTPb+yiD3kU8Ct7aC0hY9fxUwlHK0RXw+Y=
github.com/meehow/securebytes v0.3.1 h1:L/pqjtjhRWirLhFBCR1yGjtX4wadCMtgPIPGHB3c/oU=
github.com/meehow/securebytes v0.3.1/go.mod h1:DPcV5vRn9ooDh60DXySIZ1dbf7m7Rhq3yCi8tfZuHkI=
github.com/rivo/uniseg v0.2.0/go.mod h1:J6wj4VEh+S6ZtnVlnTBMWIodfgj8LQOQFoIToxlJtxc=
github.com/rivo/uniseg v0.4.7 h1:WUdvkW8uEhrYfLC4ZzdpI2ztxP1I582+49Oc5Mq64VQ=
github.com/rivo/uniseg v0.4.7/go.mod h1:FN3SvrM+Zdj16jyLfmOkMNblXMcoc8DfTHruCPUcx88=
github.com/russross/blackfriday/v2 v2.1.0/go.mod h1:+Rmxgy9KzJVeS9/2gXHxylqXiyQDYRxCVz55jmeOWTM=
github.com/spf13/cobra v1.10.1 h1:lJeBwCfmrnXthfAupyUTzJ/J4Nc1RsHC/mSRU2dll/s=
github.com/spf13/cobra v1.10.1/go.mod h1:7SmJGaTHFVBY0jW4NXGluQoLvhqFQM+6XSKD+P4XaB0=
github.com/spf13/pflag v1.0.9 h1:9exaQaMOCwffKiiiYk6/BndUBv+iRViNW+4lEMi0PvY=
github.com/spf13/pflag v1.0.9/go.mod h1:McXfInJRrz4CZXVZOBLb0bTZqETkiAhM9Iw0y3An2Bg=
github.com/tg123/go-htpasswd v1.2.4 h1:HgH8KKCjdmo7jjXWN9k1nefPBd7Be3tFCTjc2jPraPU=
github.com/tg123/go-htpasswd v1.2.4/go.mod h1:EKThQok9xHkun6NBMynNv6Jmu24A33XdZzzl4Q7H1+0=
github.com/the-maldridge/authware v0.1.5 h1:FiF2cpyYo2pdCDFTjdTnCxHn5LAZS5zvnosINAz10jM=
github.com/the-maldridge/authware v0.1.5/go.mod h1:lqmVd8Jbr+8mF9yCShdM04D7QvpZR971iI6HedlZn0Q=
github.com/the-maldridge/authware v0.1.6-0.20251009043350-3f9648fcc62c h1:5ZY1RCwSv5LWSiblqmJMgqW5/lLVPUsHzHEqXtYq8r4=
github.com/the-maldridge/authware v0.1.6-0.20251009043350-3f9648fcc62c/go.mod h1:lqmVd8Jbr+8mF9yCShdM04D7QvpZR971iI6HedlZn0Q=
github.com/the-maldridge/authware v0.1.6-0.20251009043904-ea40e49f89ff h1:V1vTKxLipoW32JhryFm4jC6U9ZHbcFTI/W5amEYD6s0=
github.com/the-maldridge/authware v0.1.6-0.20251009043904-ea40e49f89ff/go.mod h1:lqmVd8Jbr+8mF9yCShdM04D7QvpZR971iI6HedlZn0Q=
golang.org/x/crypto v0.37.0 h1:kJNSjF/Xp7kU0iB2Z+9viTPMW4EqqsrywMXLJOOsXSE=
golang.org/x/crypto v0.37.0/go.mod h1:vg+k43peMZ0pUMhYmVAWysMK35e6ioLh3wB8ZCAfbVc=
golang.org/x/sys v0.32.0 h1:s77OFDvIQeibCmezSnk/q6iAfkdiQaJi4VzroCFrN20=
golang.org/x/sys v0.32.0/go.mod h1:BJP2sWEmIv4KK5OTEluFJCKSidICx8ciO85XgH3Ak8k=
golang.org/x/text v0.24.0 h1:dd5Bzh4yt5KYA8f9CJHCP4FB4D51c2c6JvN37xJJkJ0=
golang.org/x/text v0.24.0/go.mod h1:L8rBsPeo2pSS+xqN0d5u2ikmjtmoJbDBT1b7nHvFCdU=
gopkg.in/check.v1 v0.0.0-20161208181325-20d25e280405/go.mod h1:Co6ibVJAznAaIkqp8huTwlJQCZ016jof/cbN4VW5Yz0=
gopkg.in/yaml.v3 v3.0.1/go.mod h1:K4uyk7z7BCEPqu6E+C64Yfv1cQ7kz7rIZviUmN+EgEM=
gorm.io/driver/sqlite v1.6.0 h1:WHRRrIiulaPiPFmDcod6prc4l2VGVWHz80KspNsxSfQ=
gorm.io/driver/sqlite v1.6.0/go.mod h1:AO9V1qIQddBESngQUKWL9yoH93HIeA1X6V633rBwyT8=
gorm.io/gorm v1.31.0 h1:0VlycGreVhK7RF/Bwt51Fk8v0xLiiiFdbGDPIZQ7mJY=
gorm.io/gorm v1.31.0/go.mod h1:XyQVbO2k6YkOis7C2437jSit3SsDK72s7n7rsSHd+Gs=
